
Microsoft Visual Studio Solution File, Format Version 10.00
# Visual Studio 2008
Project("{FAE04EC0-301F-11D3-BF4B-00C04F79EFBC}") = "RegistroIncidentes", "RegistroIncidentes\RegistroIncidentes.csproj", "{79FCDA73-C4D7-4FF6-B423-273C351F19EA}"
EndProject
Project("{FAE04EC0-301F-11D3-BF4B-00C04F79EFBC}") = "LibreriaControlador.com.ec", "LibreriaControlador.com.ec\LibreriaControlador.com.ec.csproj", "{AAD1DA2D-D18F-4DB8-B1FF-75B29008AB0C}"
EndProject
Global
	GlobalSection(SolutionConfigurationPlatforms) = preSolution
		Debug|Any CPU = Debug|Any CPU
		Release|Any CPU = Release|Any CPU
	EndGlobalSection
	GlobalSection(ProjectConfigurationPlatforms) = postSolution
		{79FCDA73-C4D7-4FF6-B423-273C351F19EA}.Debug|Any CPU.ActiveCfg = Debug|Any CPU
		{79FCDA73-C4D7-4FF6-B423-273C351F19EA}.Debug|Any CPU.Build.0 = Debug|Any CPU
		{79FCDA73-C4D7-4FF6-B423-273C351F19EA}.Release|Any CPU.ActiveCfg = Release|Any CPU
		{79FCDA73-C4D7-4FF6-B423-273C351F19EA}.Release|Any CPU.Build.0 = Release|Any CPU
		{AAD1DA2D-D18F-4DB8-B1FF-75B29008AB0C}.Debug|Any CPU.ActiveCfg = Debug|Any CPU
		{AAD1DA2D-D18F-4DB8-B1FF-75B29008AB0C}.Debug|Any CPU.Build.0 = Debug|Any CPU
		{AAD1DA2D-D18F-4DB8-B1FF-75B29008AB0C}.Release|Any CPU.ActiveCfg = Release|Any CPU
		{AAD1DA2D-D18F-4DB8-B1FF-75B29008AB0C}.Release|Any CPU.Build.0 = Release|Any CPU
	EndGlobalSection
	GlobalSection(SolutionProperties) = preSolution
		HideSolutionNode = FALSE
	EndGlobalSection
EndGlobal
